Microsoft Visual Studio Solution File, Format Version 12.00
Project("{FAE04EC0-301F-11D3-BF4B-00C04F79EFBC}") = "scripting", "scripting\scripting.csproj", "{47AAEEFF-E71D-4385-AFDD-AC71C5951144}"
EndProject
Project("{FAE04EC0-301F-11D3-BF4B-00C04F79EFBC}") = "sandbox", "sandbox\sandbox.csproj", "{2942B720-2128-434C-8BD0-EB157699C44B}"
EndProject
Project("{FAE04EC0-301F-11D3-BF4B-00C04F79EFBC}") = "sandbox.Tests", "sandbox.Tests\sandbox.Tests.csproj", "{ECB6FDC2-74F9-41C5-A020-F8873D2B6E4F}"
EndProject
Global
	GlobalSection(SolutionConfigurationPlatforms) = preSolution
		Debug|Any CPU = Debug|Any CPU
		Debug|x64 = Debug|x64
		Debug|x86 = Debug|x86
		Release|Any CPU = Release|Any CPU
		Release|x64 = Release|x64
		Release|x86 = Release|x86
	EndGlobalSection
	GlobalSection(ProjectConfigurationPlatforms) = postSolution
		{47AAEEFF-E71D-4385-AFDD-AC71C5951144}.Debug|Any CPU.ActiveCfg = Debug|Any CPU
		{47AAEEFF-E71D-4385-AFDD-AC71C5951144}.Debug|Any CPU.Build.0 = Debug|Any CPU
		{47AAEEFF-E71D-4385-AFDD-AC71C5951144}.Debug|x64.ActiveCfg = Debug|Any CPU
		{47AAEEFF-E71D-4385-AFDD-AC71C5951144}.Debug|x64.Build.0 = Debug|Any CPU
		{47AAEEFF-E71D-4385-AFDD-AC71C5951144}.Debug|x86.ActiveCfg = Debug|Any CPU
		{47AAEEFF-E71D-4385-AFDD-AC71C5951144}.Debug|x86.Build.0 = Debug|Any CPU
		{47AAEEFF-E71D-4385-AFDD-AC71C5951144}.Release|Any CPU.ActiveCfg = Release|Any CPU
		{47AAEEFF-E71D-4385-AFDD-AC71C5951144}.Release|Any CPU.Build.0 = Release|Any CPU
		{47AAEEFF-E71D-4385-AFDD-AC71C5951144}.Release|x64.ActiveCfg = Release|Any CPU
		{47AAEEFF-E71D-4385-AFDD-AC71C5951144}.Release|x64.Build.0 = Release|Any CPU
		{47AAEEFF-E71D-4385-AFDD-AC71C5951144}.Release|x86.ActiveCfg = Release|Any CPU
		{47AAEEFF-E71D-4385-AFDD-AC71C5951144}.Release|x86.Build.0 = Release|Any CPU
		{2942B720-2128-434C-8BD0-EB157699C44B}.Debug|Any CPU.ActiveCfg = Debug|Any CPU
		{2942B720-2128-434C-8BD0-EB157699C44B}.Debug|Any CPU.Build.0 = Debug|Any CPU
		{2942B720-2128-434C-8BD0-EB157699C44B}.Debug|x64.ActiveCfg = Debug|Any CPU
		{2942B720-2128-434C-8BD0-EB157699C44B}.Debug|x64.Build.0 = Debug|Any CPU
		{2942B720-2128-434C-8BD0-EB157699C44B}.Debug|x86.ActiveCfg = Debug|Any CPU
		{2942B720-2128-434C-8BD0-EB157699C44B}.Debug|x86.Build.0 = Debug|Any CPU
		{2942B720-2128-434C-8BD0-EB157699C44B}.Release|Any CPU.ActiveCfg = Release|Any CPU
		{2942B720-2128-434C-8BD0-EB157699C44B}.Release|Any CPU.Build.0 = Release|Any CPU
		{2942B720-2128-434C-8BD0-EB157699C44B}.Release|x64.ActiveCfg = Release|Any CPU
		{2942B720-2128-434C-8BD0-EB157699C44B}.Release|x64.Build.0 = Release|Any CPU
		{2942B720-2128-434C-8BD0-EB157699C44B}.Release|x86.ActiveCfg = Release|Any CPU
		{2942B720-2128-434C-8BD0-EB157699C44B}.Release|x86.Build.0 = Release|Any CPU
		{ECB6FDC2-74F9-41C5-A020-F8873D2B6E4F}.Debug|Any CPU.ActiveCfg = Debug|Any CPU
		{ECB6FDC2-74F9-41C5-A020-F8873D2B6E4F}.Debug|Any CPU.Build.0 = Debug|Any CPU
		{ECB6FDC2-74F9-41C5-A020-F8873D2B6E4F}.Debug|x64.ActiveCfg = Debug|Any CPU
		{ECB6FDC2-74F9-41C5-A020-F8873D2B6E4F}.Debug|x64.Build.0 = Debug|Any CPU
		{ECB6FDC2-74F9-41C5-A020-F8873D2B6E4F}.Debug|x86.ActiveCfg = Debug|Any CPU
		{ECB6FDC2-74F9-41C5-A020-F8873D2B6E4F}.Debug|x86.Build.0 = Debug|Any CPU
		{ECB6FDC2-74F9-41C5-A020-F8873D2B6E4F}.Release|Any CPU.ActiveCfg = Release|Any CPU
		{ECB6FDC2-74F9-41C5-A020-F8873D2B6E4F}.Release|Any CPU.Build.0 = Release|Any CPU
		{ECB6FDC2-74F9-41C5-A020-F8873D2B6E4F}.Release|x64.ActiveCfg = Release|Any CPU
		{ECB6FDC2-74F9-41C5-A020-F8873D2B6E4F}.Release|x64.Build.0 = Release|Any CPU
		{ECB6FDC2-74F9-41C5-A020-F8873D2B6E4F}.Release|x86.ActiveCfg = Release|Any CPU
		{ECB6FDC2-74F9-41C5-A020-F8873D2B6E4F}.Release|x86.Build.0 = Release|Any CPU
	EndGlobalSection
	GlobalSection(SolutionProperties) = preSolution
		HideSolutionNode = FALSE
	EndGlobalSection
EndGlobal